Microsoft Visual Studio Solution File, Format Version 12.00
# Visual Studio Version 17
VisualStudioVersion = 17.5.2.0
MinimumVisualStudioVersion = 10.0.40219.1
Project("{FAE04EC0-301F-11D3-BF4B-00C04F79EFBC}") = "GestaoObrigacoes", "GestaoObrigacoes.csproj", "{53A9D241-594F-3B77-7FC8-CD27C587A519}"
EndProject
Global
	GlobalSection(SolutionConfigurationPlatforms) = preSolution
		Debug|Any CPU = Debug|Any CPU
		Release|Any CPU = Release|Any CPU
	EndGlobalSection
	GlobalSection(ProjectConfigurationPlatforms) = postSolution
		{53A9D241-594F-3B77-7FC8-CD27C587A519}.Debug|Any CPU.ActiveCfg = Debug|Any CPU
		{53A9D241-594F-3B77-7FC8-CD27C587A519}.Debug|Any CPU.Build.0 = Debug|Any CPU
		{53A9D241-594F-3B77-7FC8-CD27C587A519}.Release|Any CPU.ActiveCfg = Release|Any CPU
		{53A9D241-594F-3B77-7FC8-CD27C587A519}.Release|Any CPU.Build.0 = Release|Any CPU
	EndGlobalSection
	GlobalSection(SolutionProperties) = preSolution
		HideSolutionNode = FALSE
	EndGlobalSection
	GlobalSection(ExtensibilityGlobals) = postSolution
		SolutionGuid = {9CF90E61-C6C6-4CB1-AFA6-F0DB98A935EA}
	EndGlobalSection
EndGlobal
